
Microsoft Visual Studio Solution File, Format Version 12.00
# Visual Studio 14
VisualStudioVersion = 14.0.24720.0
MinimumVisualStudioVersion = 10.0.40219.1
Project("{FAE04EC0-301F-11D3-BF4B-00C04F79EFBC}") = "TaskApp", "TaskApp\TaskApp.csproj", "{C1DC191F-5396-463F-AA21-DD67F7B1BC36}"
EndProject
Project("{FAE04EC0-301F-11D3-BF4B-00C04F79EFBC}") = "TaskService", "TaskService\TaskService.csproj", "{E13873E6-EF50-42EA-8EFC-CD8F0C31F239}"
EndProject
Project("{FAE04EC0-301F-11D3-BF4B-00C04F79EFBC}") = "TimerTaskService", "TimerTaskService\TimerTaskService.csproj", "{2688E809-5D64-44C6-9CE6-A2283B9602F2}"
EndProject
Global
	GlobalSection(SolutionConfigurationPlatforms) = preSolution
		Debug|Any CPU = Debug|Any CPU
		Release|Any CPU = Release|Any CPU
	EndGlobalSection
	GlobalSection(ProjectConfigurationPlatforms) = postSolution
		{C1DC191F-5396-463F-AA21-DD67F7B1BC36}.Debug|Any CPU.ActiveCfg = Debug|Any CPU
		{C1DC191F-5396-463F-AA21-DD67F7B1BC36}.Debug|Any CPU.Build.0 = Debug|Any CPU
		{C1DC191F-5396-463F-AA21-DD67F7B1BC36}.Release|Any CPU.ActiveCfg = Release|Any CPU
		{C1DC191F-5396-463F-AA21-DD67F7B1BC36}.Release|Any CPU.Build.0 = Release|Any CPU
		{E13873E6-EF50-42EA-8EFC-CD8F0C31F239}.Debug|Any CPU.ActiveCfg = Debug|Any CPU
		{E13873E6-EF50-42EA-8EFC-CD8F0C31F239}.Debug|Any CPU.Build.0 = Debug|Any CPU
		{E13873E6-EF50-42EA-8EFC-CD8F0C31F239}.Release|Any CPU.ActiveCfg = Release|Any CPU
		{E13873E6-EF50-42EA-8EFC-CD8F0C31F239}.Release|Any CPU.Build.0 = Release|Any CPU
		{2688E809-5D64-44C6-9CE6-A2283B9602F2}.Debug|Any CPU.ActiveCfg = Debug|Any CPU
		{2688E809-5D64-44C6-9CE6-A2283B9602F2}.Debug|Any CPU.Build.0 = Debug|Any CPU
		{2688E809-5D64-44C6-9CE6-A2283B9602F2}.Release|Any CPU.ActiveCfg = Release|Any CPU
		{2688E809-5D64-44C6-9CE6-A2283B9602F2}.Release|Any CPU.Build.0 = Release|Any CPU
	EndGlobalSection
	GlobalSection(SolutionProperties) = preSolution
		HideSolutionNode = FALSE
	EndGlobalSection
EndGlobal
